
Microsoft Visual Studio Solution File, Format Version 12.00
# Visual Studio Version 17
VisualStudioVersion = 17.6.33829.357
MinimumVisualStudioVersion = 10.0.40219.1
Project("{FAE04EC0-301F-11D3-BF4B-00C04F79EFBC}") = "SignalRChat", "SignalRChat.csproj", "{A1998F81-3177-46EF-B772-49A27B15E34B}"
EndProject
Global
	GlobalSection(SolutionConfigurationPlatforms) = preSolution
		Debug|Any CPU = Debug|Any CPU
		Release|Any CPU = Release|Any CPU
	EndGlobalSection
	GlobalSection(ProjectConfigurationPlatforms) = postSolution
		{A1998F81-3177-46EF-B772-49A27B15E34B}.Debug|Any CPU.ActiveCfg = Debug|Any CPU
		{A1998F81-3177-46EF-B772-49A27B15E34B}.Debug|Any CPU.Build.0 = Debug|Any CPU
		{A1998F81-3177-46EF-B772-49A27B15E34B}.Release|Any CPU.ActiveCfg = Release|Any CPU
		{A1998F81-3177-46EF-B772-49A27B15E34B}.Release|Any CPU.Build.0 = Release|Any CPU
	EndGlobalSection
	GlobalSection(SolutionProperties) = preSolution
		HideSolutionNode = FALSE
	EndGlobalSection
	GlobalSection(ExtensibilityGlobals) = postSolution
		SolutionGuid = {E4DAB147-1172-44BB-82B0-08C60CD89994}
	EndGlobalSection
EndGlobal
